// !$*UTF8*$!
{
	archiveVersion = 1;
	classes = {
	};
	objectVersion = 46;
	objects = {

/* Begin PBXBuildFile section */
		7AEC35F61A0930EF00CDB9DF /* AppDelegate.swift in Sources */ = {isa = PBXBuildFile; fileRef = 7AEC35F51A0930EF00CDB9DF /* AppDelegate.swift */; };
		7AEC35F81A0930EF00CDB9DF /* ViewController.swift in Sources */ = {isa = PBXBuildFile; fileRef = 7AEC35F71A0930EF00CDB9DF /* ViewController.swift */; };
		7AEC35FB1A0930EF00CDB9DF /* Main.storyboard in Resources */ = {isa = PBXBuildFile; fileRef = 7AEC35F91A0930EF00CDB9DF /* Main.storyboard */; };
		7AEC35FD1A0930EF00CDB9DF /* Images.xcassets in Resources */ = {isa = PBXBuildFile; fileRef = 7AEC35FC1A0930EF00CDB9DF /* Images.xcassets */; };
		7AEC36001A0930EF00CDB9DF /* LaunchScreen.xib in Resources */ = {isa = PBXBuildFile; fileRef = 7AEC35FE1A0930EF00CDB9DF /* LaunchScreen.xib */; };
		7AEC360C1A0930EF00CDB9DF /* PostcardTests.swift in Sources */ = {isa = PBXBuildFile; fileRef = 7AEC360B1A0930EF00CDB9DF /* PostcardTests.swift */; };
/* End PBXBuildFile section */

/* Begin PBXContainerItemProxy section */
		7AEC36061A0930EF00CDB9DF /* PBXContainerItemProxy */ = {
			isa = PBXContainerItemProxy;
			containerPortal = 7AEC35E81A0930EF00CDB9DF /* Project object */;
			proxyType = 1;
			remoteGlobalIDString = 7AEC35EF1A0930EF00CDB9DF;
			remoteInfo = Postcard;
		};
/* End PBXContainerItemProxy section */

/* Begin PBXFileReference section */
		7AEC35F01A0930EF00CDB9DF /* Postcard.app */ = {isa = PBXFileReference; explicitFileType = wrapper.application; includeInIndex = 0; path = Postcard.app; sourceTree = BUILT_PRODUCTS_DIR; };
		7AEC35F41A0930EF00CDB9DF /* Info.plist */ = {isa = PBXFileReference; lastKnownFileType = text.plist.xml; path = Info.plist; sourceTree = "<group>"; };
		7AEC35F51A0930EF00CDB9DF /* AppDelegate.swift */ = {isa = PBXFileReference; lastKnownFileType = sourcecode.swift; path = AppDelegate.swift; sourceTree = "<group>"; };
		7AEC35F71A0930EF00CDB9DF /* ViewController.swift */ = {isa = PBXFileReference; lastKnownFileType = sourcecode.swift; path = ViewController.swift; sourceTree = "<group>"; };
		7AEC35FA1A0930EF00CDB9DF /* Base */ = {isa = PBXFileReference; lastKnownFileType = file.storyboard; name = Base; path = Base.lproj/Main.storyboard; sourceTree = "<group>"; };
		7AEC35FC1A0930EF00CDB9DF /* Images.xcassets */ = {isa = PBXFileReference; lastKnownFileType = folder.assetcatalog; path = Images.xcassets; sourceTree = "<group>"; };
		7AEC35FF1A0930EF00CDB9DF /* Base */ = {isa = PBXFileReference; lastKnownFileType = file.xib; name = Base; path = Base.lproj/LaunchScreen.xib; sourceTree = "<group>"; };
		7AEC36051A0930EF00CDB9DF /* PostcardTests.xctest */ = {isa = PBXFileReference; explicitFileType = wrapper.cfbundle; includeInIndex = 0; path = PostcardTests.xctest; sourceTree = BUILT_PRODUCTS_DIR; };
		7AEC360A1A0930EF00CDB9DF /* Info.plist */ = {isa = PBXFileReference; lastKnownFileType = text.plist.xml; path = Info.plist; sourceTree = "<group>"; };
		7AEC360B1A0930EF00CDB9DF /* PostcardTests.swift */ = {isa = PBXFileReference; lastKnownFileType = sourcecode.swift; path = PostcardTests.swift; sourceTree = "<group>"; };
/* End PBXFileReference section */

/* Begin PBXFrameworksBuildPhase section */
		7AEC35ED1A0930EF00CDB9DF /* Frameworks */ = {
			isa = PBXFrameworksBuildPhase;
			buildActionMask = 2147483647;
			files = (
			);
			runOnlyForDeploymentPostprocessing = 0;
		};
		7AEC36021A0930EF00CDB9DF /* Frameworks */ = {
			isa = PBXFrameworksBuildPhase;
			buildActionMask = 2147483647;
			files = (
			);
			runOnlyForDeploymentPostprocessing = 0;
		};
/* End PBXFrameworksBuildPhase section */

/* Begin PBXGroup section */
		7AEC35E71A0930EF00CDB9DF = {
			isa = PBXGroup;
			children = (
				7AEC35F21A0930EF00CDB9DF /* Postcard */,
				7AEC36081A0930EF00CDB9DF /* PostcardTests */,
				7AEC35F11A0930EF00CDB9DF /* Products */,
			);
			sourceTree = "<group>";
		};
		7AEC35F11A0930EF00CDB9DF /* Products */ = {
			isa = PBXGroup;
			children = (
				7AEC35F01A0930EF00CDB9DF /* Postcard.app */,
				7AEC36051A0930EF00CDB9DF /* PostcardTests.xctest */,
			);
			name = Products;
			sourceTree = "<group>";
		};
		7AEC35F21A0930EF00CDB9DF /* Postcard */ = {
			isa = PBXGroup;
			children = (
				7AEC35F51A0930EF00CDB9DF /* AppDelegate.swift */,
				7AEC35F71A0930EF00CDB9DF /* ViewController.swift */,
				7AEC35F91A0930EF00CDB9DF /* Main.storyboard */,
				7AEC35FC1A0930EF00CDB9DF /* Images.xcassets */,
				7AEC35FE1A0930EF00CDB9DF /* LaunchScreen.xib */,
				7AEC35F31A0930EF00CDB9DF /* Supporting Files */,
			);
			path = Postcard;
			sourceTree = "<group>";
		};
		7AEC35F31A0930EF00CDB9DF /* Supporting Files */ = {
			isa = PBXGroup;
			children = (
				7AEC35F41A0930EF00CDB9DF /* Info.plist */,
			);
			name = "Supporting Files";
			sourceTree = "<group>";
		};
		7AEC36081A0930EF00CDB9DF /* PostcardTests */ = {
			isa = PBXGroup;
			children = (
				7AEC360B1A0930EF00CDB9DF /* PostcardTests.swift */,
				7AEC36091A0930EF00CDB9DF /* Supporting Files */,
			);
			path = PostcardTests;
			sourceTree = "<group>";
		};
		7AEC36091A0930EF00CDB9DF /* Supporting Files */ = {
			isa = PBXGroup;
			children = (
				7AEC360A1A0930EF00CDB9DF /* Info.plist */,
			);
			name = "Supporting Files";
			sourceTree = "<group>";
		};
/* End PBXGroup section */

/* Begin PBXNativeTarget section */
		7AEC35EF1A0930EF00CDB9DF /* Postcard */ = {
			isa = PBXNativeTarget;
			buildConfigurationList = 7AEC360F1A0930EF00CDB9DF /* Build configuration list for PBXNativeTarget "Postcard" */;
			buildPhases = (
				7AEC35EC1A0930EF00CDB9DF /* Sources */,
				7AEC35ED1A0930EF00CDB9DF /* Frameworks */,
				7AEC35EE1A0930EF00CDB9DF /* Resources */,
			);
			buildRules = (
			);
			dependencies = (
			);
			name = Postcard;
			productName = Postcard;
			productReference = 7AEC35F01A0930EF00CDB9DF /* Postcard.app */;
			productType = "com.apple.product-type.application";
		};
		7AEC36041A0930EF00CDB9DF /* PostcardTests */ = {
			isa = PBXNativeTarget;
			buildConfigurationList = 7AEC36121A0930EF00CDB9DF /* Build configuration list for PBXNativeTarget "PostcardTests" */;
			buildPhases = (
				7AEC36011A0930EF00CDB9DF /* Sources */,
				7AEC36021A0930EF00CDB9DF /* Frameworks */,
				7AEC36031A0930EF00CDB9DF /* Resources */,
			);
			buildRules = (
			);
			dependencies = (
				7AEC36071A0930EF00CDB9DF /* PBXTargetDependency */,
			);
			name = PostcardTests;
			productName = PostcardTests;
			productReference = 7AEC36051A0930EF00CDB9DF /* PostcardTests.xctest */;
			productType = "com.apple.product-type.bundle.unit-test";
		};
/* End PBXNativeTarget section */

/* Begin PBXProject section */
		7AEC35E81A0930EF00CDB9DF /* Project object */ = {
			isa = PBXProject;
			attributes = {
				LastUpgradeCheck = 0610;
				ORGANIZATIONNAME = Evgeniy;
				TargetAttributes = {
					7AEC35EF1A0930EF00CDB9DF = {
						CreatedOnToolsVersion = 6.1;
					};
					7AEC36041A0930EF00CDB9DF = {
						CreatedOnToolsVersion = 6.1;
						TestTargetID = 7AEC35EF1A0930EF00CDB9DF;
					};
				};
			};
			buildConfigurationList = 7AEC35EB1A0930EF00CDB9DF /* Build configuration list for PBXProject "Postcard" */;
			compatibilityVersion = "Xcode 3.2";
			developmentRegion = English;
			hasScannedForEncodings = 0;
			knownRegions = (
				en,
				Base,
			);
			mainGroup = 7AEC35E71A0930EF00CDB9DF;
			productRefGroup = 7AEC35F11A0930EF00CDB9DF /* Products */;
			projectDirPath = "";
			projectRoot = "";
			targets = (
				7AEC35EF1A0930EF00CDB9DF /* Postcard */,
				7AEC36041A0930EF00CDB9DF /* PostcardTests */,
			);
		};
/* End PBXProject section */

/* Begin PBXResourcesBuildPhase section */
		7AEC35EE1A0930EF00CDB9DF /* Resources */ = {
			isa = PBXResourcesBuildPhase;
			buildActionMask = 2147483647;
			files = (
				7AEC35FB1A0930EF00CDB9DF /* Main.storyboard in Resources */,
				7AEC36001A0930EF00CDB9DF /* LaunchScreen.xib in Resources */,
				7AEC35FD1A0930EF00CDB9DF /* Images.xcassets in Resources */,
			);
			runOnlyForDeploymentPostprocessing = 0;
		};
		7AEC36031A0930EF00CDB9DF /* Resources */ = {
			isa = PBXResourcesBuildPhase;
			buildActionMask = 2147483647;
			files = (
			);
			runOnlyForDeploymentPostprocessing = 0;
		};
/* End PBXResourcesBuildPhase section */

/* Begin PBXSourcesBuildPhase section */
		7AEC35EC1A0930EF00CDB9DF /* Sources */ = {
			isa = PBXSourcesBuildPhase;
			buildActionMask = 2147483647;
			files = (
				7AEC35F81A0930EF00CDB9DF /* ViewController.swift in Sources */,
				7AEC35F61A0930EF00CDB9DF /* AppDelegate.swift in Sources */,
			);
			runOnlyForDeploymentPostprocessing = 0;
		};
		7AEC36011A0930EF00CDB9DF /* Sources */ = {
			isa = PBXSourcesBuildPhase;
			buildActionMask = 2147483647;
			files = (
				7AEC360C1A0930EF00CDB9DF /* PostcardTests.swift in Sources */,
			);
			runOnlyForDeploymentPostprocessing = 0;
		};
/* End PBXSourcesBuildPhase section */

/* Begin PBXTargetDependency section */
		7AEC36071A0930EF00CDB9DF /* PBXTargetDependency */ = {
			isa = PBXTargetDependency;
			target = 7AEC35EF1A0930EF00CDB9DF /* Postcard */;
			targetProxy = 7AEC36061A0930EF00CDB9DF /* PBXContainerItemProxy */;
		};
/* End PBXTargetDependency section */

/* Begin PBXVariantGroup section */
		7AEC35F91A0930EF00CDB9DF /* Main.storyboard */ = {
			isa = PBXVariantGroup;
			children = (
				7AEC35FA1A0930EF00CDB9DF /* Base */,
			);
			name = Main.storyboard;
			sourceTree = "<group>";
		};
		7AEC35FE1A0930EF00CDB9DF /* LaunchScreen.xib */ = {
			isa = PBXVariantGroup;
			children = (
				7AEC35FF1A0930EF00CDB9DF /* Base */,
			);
			name = LaunchScreen.xib;
			sourceTree = "<group>";
		};
/* End PBXVariantGroup section */

/* Begin XCBuildConfiguration section */
		7AEC360D1A0930EF00CDB9DF /* Debug */ = {
			isa = XCBuildConfiguration;
			buildSettings = {
				ALWAYS_SEARCH_USER_PATHS = NO;
				CLANG_CXX_LANGUAGE_STANDARD = "gnu++0x";
				CLANG_CXX_LIBRARY = "libc++";
				CLANG_ENABLE_MODULES = YES;
				CLANG_ENABLE_OBJC_ARC = YES;
				CLANG_WARN_BOOL_CONVERSION = YES;
				CLANG_WARN_CONSTANT_CONVERSION = YES;
				CLANG_WARN_DIRECT_OBJC_ISA_USAGE = YES_ERROR;
				CLANG_WARN_EMPTY_BODY = YES;
				CLANG_WARN_ENUM_CONVERSION = YES;
				CLANG_WARN_INT_CONVERSION = YES;
				CLANG_WARN_OBJC_ROOT_CLASS = YES_ERROR;
				CLANG_WARN_UNREACHABLE_CODE = YES;
				CLANG_WARN__DUPLICATE_METHOD_MATCH = YES;
				"CODE_SIGN_IDENTITY[sdk=iphoneos*]" = "iPhone Developer";
				COPY_PHASE_STRIP = NO;
				ENABLE_STRICT_OBJC_MSGSEND = YES;
				GCC_C_LANGUAGE_STANDARD = gnu99;
				GCC_DYNAMIC_NO_PIC = NO;
				GCC_OPTIMIZATION_LEVEL = 0;
				GCC_PREPROCESSOR_DEFINITIONS = (
					"DEBUG=1",
					"$(inherited)",
				);
				GCC_SYMBOLS_PRIVATE_EXTERN = NO;
				GCC_WARN_64_TO_32_BIT_CONVERSION = YES;
				GCC_WARN_ABOUT_RETURN_TYPE = YES_ERROR;
				GCC_WARN_UNDECLARED_SELECTOR = YES;
				GCC_WARN_UNINITIALIZED_AUTOS = YES_AGGRESSIVE;
				GCC_WARN_UNUSED_FUNCTION = YES;
				GCC_WARN_UNUSED_VARIABLE = YES;
				IPHONEOS_DEPLOYMENT_TARGET = 8.1;
				MTL_ENABLE_DEBUG_INFO = YES;
				ONLY_ACTIVE_ARCH = YES;
				SDKROOT = iphoneos;
				SWIFT_OPTIMIZATION_LEVEL = "-Onone";
				TARGETED_DEVICE_FAMILY = "1,2";
			};
			name = Debug;
		};
		7AEC360E1A0930EF00CDB9DF /* Release */ = {
			isa = XCBuildConfiguration;
			buildSettings = {
				ALWAYS_SEARCH_USER_PATHS = NO;
				CLANG_CXX_LANGUAGE_STANDARD = "gnu++0x";
				CLANG_CXX_LIBRARY = "libc++";
				CLANG_ENABLE_MODULES = YES;
				CLANG_ENABLE_OBJC_ARC = YES;
				CLANG_WARN_BOOL_CONVERSION = YES;
				CLANG_WARN_CONSTANT_CONVERSION = YES;
				CLANG_WARN_DIRECT_OBJC_ISA_USAGE = YES_ERROR;
				CLANG_WARN_EMPTY_BODY = YES;
				CLANG_WARN_ENUM_CONVERSION = YES;
				CLANG_WARN_INT_CONVERSION = YES;
				CLANG_WARN_OBJC_ROOT_CLASS = YES_ERROR;
				CLANG_WARN_UNREACHABLE_CODE = YES;
				CLANG_WARN__DUPLICATE_METHOD_MATCH = YES;
				"CODE_SIGN_IDENTITY[sdk=iphoneos*]" = "iPhone Developer";
				COPY_PHASE_STRIP = YES;
				ENABLE_NS_ASSERTIONS = NO;
				ENABLE_STRICT_OBJC_MSGSEND = YES;
				GCC_C_LANGUAGE_STANDARD = gnu99;
				GCC_WARN_64_TO_32_BIT_CONVERSION = YES;
				GCC_WARN_ABOUT_RETURN_TYPE = YES_ERROR;
				GCC_WARN_UNDECLARED_SELECTOR = YES;
				GCC_WARN_UNINITIALIZED_AUTOS = YES_AGGRESSIVE;
				GCC_WARN_UNUSED_FUNCTION = YES;
				GCC_WARN_UNUSED_VARIABLE = YES;
				IPHONEOS_DEPLOYMENT_TARGET = 8.1;
				MTL_ENABLE_DEBUG_INFO = NO;
				SDKROOT = iphoneos;
				TARGETED_DEVICE_FAMILY = "1,2";
				VALIDATE_PRODUCT = YES;
			};
			name = Release;
		};
		7AEC36101A0930EF00CDB9DF /* Debug */ = {
			isa = XCBuildConfiguration;
			buildSettings = {
				ASSETCATALOG_COMPILER_APPICON_NAME = AppIcon;
				INFOPLIST_FILE = Postcard/Info.plist;
				LD_RUNPATH_SEARCH_PATHS = "$(inherited) @executable_path/Frameworks";
				PRODUCT_NAME = "$(TARGET_NAME)";
			};
			name = Debug;
		};
		7AEC36111A0930EF00CDB9DF /* Release */ = {
			isa = XCBuildConfiguration;
			buildSettings = {
				ASSETCATALOG_COMPILER_APPICON_NAME = AppIcon;
				INFOPLIST_FILE = Postcard/Info.plist;
				LD_RUNPATH_SEARCH_PATHS = "$(inherited) @executable_path/Frameworks";
				PRODUCT_NAME = "$(TARGET_NAME)";
			};
			name = Release;
		};
		7AEC36131A0930EF00CDB9DF /* Debug */ = {
			isa = XCBuildConfiguration;
			buildSettings = {
				BUNDLE_LOADER = "$(TEST_HOST)";
				FRAMEWORK_SEARCH_PATHS = (
					"$(SDKROOT)/Developer/Library/Frameworks",
					"$(inherited)",
				);
				GCC_PREPROCESSOR_DEFINITIONS = (
					"DEBUG=1",
					"$(inherited)",
				);
				INFOPLIST_FILE = PostcardTests/Info.plist;
				LD_RUNPATH_SEARCH_PATHS = "$(inherited) @executable_path/Frameworks @loader_path/Frameworks";
				PRODUCT_NAME = "$(TARGET_NAME)";
				TEST_HOST = "$(BUILT_PRODUCTS_DIR)/Postcard.app/Postcard";
			};
			name = Debug;
		};
		7AEC36141A0930EF00CDB9DF /* Release */ = {
			isa = XCBuildConfiguration;
			buildSettings = {
				BUNDLE_LOADER = "$(TEST_HOST)";
				FRAMEWORK_SEARCH_PATHS = (
					"$(SDKROOT)/Developer/Library/Frameworks",
					"$(inherited)",
				);
				INFOPLIST_FILE = PostcardTests/Info.plist;
				LD_RUNPATH_SEARCH_PATHS = "$(inherited) @executable_path/Frameworks @loader_path/Frameworks";
				PRODUCT_NAME = "$(TARGET_NAME)";
				TEST_HOST = "$(BUILT_PRODUCTS_DIR)/Postcard.app/Postcard";
			};
			name = Release;
		};
/* End XCBuildConfiguration section */

/* Begin XCConfigurationList section */
		7AEC35EB1A0930EF00CDB9DF /* Build configuration list for PBXProject "Postcard" */ = {
			isa = XCConfigurationList;
			buildConfigurations = (
				7AEC360D1A0930EF00CDB9DF /* Debug */,
				7AEC360E1A0930EF00CDB9DF /* Release */,
			);
			defaultConfigurationIsVisible = 0;
			defaultConfigurationName = Release;
		};
		7AEC360F1A0930EF00CDB9DF /* Build configuration list for PBXNativeTarget "Postcard" */ = {
			isa = XCConfigurationList;
			buildConfigurations = (
				7AEC36101A0930EF00CDB9DF /* Debug */,
				7AEC36111A0930EF00CDB9DF /* Release */,
			);
			defaultConfigurationIsVisible = 0;
		};
		7AEC36121A0930EF00CDB9DF /* Build configuration list for PBXNativeTarget "PostcardTests" */ = {
			isa = XCConfigurationList;
			buildConfigurations = (
				7AEC36131A0930EF00CDB9DF /* Debug */,
				7AEC36141A0930EF00CDB9DF /* Release */,
			);
			defaultConfigurationIsVisible = 0;
		};
/* End XCConfigurationList section */
	};
	rootObject = 7AEC35E81A0930EF00CDB9DF /* Project object */;
}
